// !$*UTF8*$!
{
	archiveVersion = 1;
	classes = {
	};
	objectVersion = 46;
	objects = {

/* Begin PBXBuildFile section */
		271DD4781D216C4C00C46645 /* AppDelegate.swift in Sources */ = {isa = PBXBuildFile; fileRef = 271DD4771D216C4C00C46645 /* AppDelegate.swift */; };
		271DD47A1D216C4C00C46645 /* ViewController.swift in Sources */ = {isa = PBXBuildFile; fileRef = 271DD4791D216C4C00C46645 /* ViewController.swift */; };
		271DD47D1D216C4C00C46645 /* Main.storyboard in Resources */ = {isa = PBXBuildFile; fileRef = 271DD47B1D216C4C00C46645 /* Main.storyboard */; };
		271DD47F1D216C4C00C46645 /* Assets.xcassets in Resources */ = {isa = PBXBuildFile; fileRef = 271DD47E1D216C4C00C46645 /* Assets.xcassets */; };
		271DD4821D216C4C00C46645 /* LaunchScreen.storyboard in Resources */ = {isa = PBXBuildFile; fileRef = 271DD4801D216C4C00C46645 /* LaunchScreen.storyboard */; };
		271DD48D1D216C4C00C46645 /* SVNotificationTests.swift in Sources */ = {isa = PBXBuildFile; fileRef = 271DD48C1D216C4C00C46645 /* SVNotificationTests.swift */; };
		271DD4981D216C7300C46645 /* SVNotification.swift in Sources */ = {isa = PBXBuildFile; fileRef = 271DD4971D216C7300C46645 /* SVNotification.swift */; };
		271DD4991D216C7300C46645 /* SVNotification.swift in Sources */ = {isa = PBXBuildFile; fileRef = 271DD4971D216C7300C46645 /* SVNotification.swift */; };
/* End PBXBuildFile section */

/* Begin PBXContainerItemProxy section */
		271DD4891D216C4C00C46645 /* PBXContainerItemProxy */ = {
			isa = PBXContainerItemProxy;
			containerPortal = 271DD46C1D216C4C00C46645 /* Project object */;
			proxyType = 1;
			remoteGlobalIDString = 271DD4731D216C4C00C46645;
			remoteInfo = SVNotification;
		};
/* End PBXContainerItemProxy section */

/* Begin PBXFileReference section */
		271DD4741D216C4C00C46645 /* SVNotification.app */ = {isa = PBXFileReference; explicitFileType = wrapper.application; includeInIndex = 0; path = SVNotification.app; sourceTree = BUILT_PRODUCTS_DIR; };
		271DD4771D216C4C00C46645 /* AppDelegate.swift */ = {isa = PBXFileReference; lastKnownFileType = sourcecode.swift; path = AppDelegate.swift; sourceTree = "<group>"; };
		271DD4791D216C4C00C46645 /* ViewController.swift */ = {isa = PBXFileReference; lastKnownFileType = sourcecode.swift; path = ViewController.swift; sourceTree = "<group>"; };
		271DD47C1D216C4C00C46645 /* Base */ = {isa = PBXFileReference; lastKnownFileType = file.storyboard; name = Base; path = Base.lproj/Main.storyboard; sourceTree = "<group>"; };
		271DD47E1D216C4C00C46645 /* Assets.xcassets */ = {isa = PBXFileReference; lastKnownFileType = folder.assetcatalog; path = Assets.xcassets; sourceTree = "<group>"; };
		271DD4811D216C4C00C46645 /* Base */ = {isa = PBXFileReference; lastKnownFileType = file.storyboard; name = Base; path = Base.lproj/LaunchScreen.storyboard; sourceTree = "<group>"; };
		271DD4831D216C4C00C46645 /* Info.plist */ = {isa = PBXFileReference; lastKnownFileType = text.plist.xml; path = Info.plist; sourceTree = "<group>"; };
		271DD4881D216C4C00C46645 /* SVNotificationTests.xctest */ = {isa = PBXFileReference; explicitFileType = wrapper.cfbundle; includeInIndex = 0; path = SVNotificationTests.xctest; sourceTree = BUILT_PRODUCTS_DIR; };
		271DD48C1D216C4C00C46645 /* SVNotificationTests.swift */ = {isa = PBXFileReference; lastKnownFileType = sourcecode.swift; path = SVNotificationTests.swift; sourceTree = "<group>"; };
		271DD48E1D216C4C00C46645 /* Info.plist */ = {isa = PBXFileReference; lastKnownFileType = text.plist.xml; path = Info.plist; sourceTree = "<group>"; };
		271DD4971D216C7300C46645 /* SVNotification.swift */ = {isa = PBXFileReference; fileEncoding = 4; lastKnownFileType = sourcecode.swift; path = SVNotification.swift; sourceTree = "<group>"; };
/* End PBXFileReference section */

/* Begin PBXFrameworksBuildPhase section */
		271DD4711D216C4C00C46645 /* Frameworks */ = {
			isa = PBXFrameworksBuildPhase;
			buildActionMask = 2147483647;
			files = (
			);
			runOnlyForDeploymentPostprocessing = 0;
		};
		271DD4851D216C4C00C46645 /* Frameworks */ = {
			isa = PBXFrameworksBuildPhase;
			buildActionMask = 2147483647;
			files = (
			);
			runOnlyForDeploymentPostprocessing = 0;
		};
/* End PBXFrameworksBuildPhase section */

/* Begin PBXGroup section */
		271DD46B1D216C4C00C46645 = {
			isa = PBXGroup;
			children = (
				271DD4761D216C4C00C46645 /* SVNotification */,
				271DD48B1D216C4C00C46645 /* SVNotificationTests */,
				271DD4751D216C4C00C46645 /* Products */,
			);
			sourceTree = "<group>";
		};
		271DD4751D216C4C00C46645 /* Products */ = {
			isa = PBXGroup;
			children = (
				271DD4741D216C4C00C46645 /* SVNotification.app */,
				271DD4881D216C4C00C46645 /* SVNotificationTests.xctest */,
			);
			name = Products;
			sourceTree = "<group>";
		};
		271DD4761D216C4C00C46645 /* SVNotification */ = {
			isa = PBXGroup;
			children = (
				271DD4771D216C4C00C46645 /* AppDelegate.swift */,
				271DD4791D216C4C00C46645 /* ViewController.swift */,
				271DD47B1D216C4C00C46645 /* Main.storyboard */,
				271DD47E1D216C4C00C46645 /* Assets.xcassets */,
				271DD4801D216C4C00C46645 /* LaunchScreen.storyboard */,
				271DD4831D216C4C00C46645 /* Info.plist */,
				271DD4971D216C7300C46645 /* SVNotification.swift */,
			);
			path = SVNotification;
			sourceTree = "<group>";
		};
		271DD48B1D216C4C00C46645 /* SVNotificationTests */ = {
			isa = PBXGroup;
			children = (
				271DD48C1D216C4C00C46645 /* SVNotificationTests.swift */,
				271DD48E1D216C4C00C46645 /* Info.plist */,
			);
			path = SVNotificationTests;
			sourceTree = "<group>";
		};
/* End PBXGroup section */

/* Begin PBXNativeTarget section */
		271DD4731D216C4C00C46645 /* SVNotification */ = {
			isa = PBXNativeTarget;
			buildConfigurationList = 271DD4911D216C4C00C46645 /* Build configuration list for PBXNativeTarget "SVNotification" */;
			buildPhases = (
				271DD4701D216C4C00C46645 /* Sources */,
				271DD4711D216C4C00C46645 /* Frameworks */,
				271DD4721D216C4C00C46645 /* Resources */,
			);
			buildRules = (
			);
			dependencies = (
			);
			name = SVNotification;
			productName = SVNotification;
			productReference = 271DD4741D216C4C00C46645 /* SVNotification.app */;
			productType = "com.apple.product-type.application";
		};
		271DD4871D216C4C00C46645 /* SVNotificationTests */ = {
			isa = PBXNativeTarget;
			buildConfigurationList = 271DD4941D216C4C00C46645 /* Build configuration list for PBXNativeTarget "SVNotificationTests" */;
			buildPhases = (
				271DD4841D216C4C00C46645 /* Sources */,
				271DD4851D216C4C00C46645 /* Frameworks */,
				271DD4861D216C4C00C46645 /* Resources */,
			);
			buildRules = (
			);
			dependencies = (
				271DD48A1D216C4C00C46645 /* PBXTargetDependency */,
			);
			name = SVNotificationTests;
			productName = SVNotificationTests;
			productReference = 271DD4881D216C4C00C46645 /* SVNotificationTests.xctest */;
			productType = "com.apple.product-type.bundle.unit-test";
		};
/* End PBXNativeTarget section */

/* Begin PBXProject section */
		271DD46C1D216C4C00C46645 /* Project object */ = {
			isa = PBXProject;
			attributes = {
				LastSwiftUpdateCheck = 0730;
				LastUpgradeCheck = 0730;
				ORGANIZATIONNAME = Test;
				TargetAttributes = {
					271DD4731D216C4C00C46645 = {
						CreatedOnToolsVersion = 7.3.1;
					};
					271DD4871D216C4C00C46645 = {
						CreatedOnToolsVersion = 7.3.1;
						TestTargetID = 271DD4731D216C4C00C46645;
					};
				};
			};
			buildConfigurationList = 271DD46F1D216C4C00C46645 /* Build configuration list for PBXProject "SVNotification" */;
			compatibilityVersion = "Xcode 3.2";
			developmentRegion = English;
			hasScannedForEncodings = 0;
			knownRegions = (
				en,
				Base,
			);
			mainGroup = 271DD46B1D216C4C00C46645;
			productRefGroup = 271DD4751D216C4C00C46645 /* Products */;
			projectDirPath = "";
			projectRoot = "";
			targets = (
				271DD4731D216C4C00C46645 /* SVNotification */,
				271DD4871D216C4C00C46645 /* SVNotificationTests */,
			);
		};
/* End PBXProject section */

/* Begin PBXResourcesBuildPhase section */
		271DD4721D216C4C00C46645 /* Resources */ = {
			isa = PBXResourcesBuildPhase;
			buildActionMask = 2147483647;
			files = (
				271DD4821D216C4C00C46645 /* LaunchScreen.storyboard in Resources */,
				271DD47F1D216C4C00C46645 /* Assets.xcassets in Resources */,
				271DD47D1D216C4C00C46645 /* Main.storyboard in Resources */,
			);
			runOnlyForDeploymentPostprocessing = 0;
		};
		271DD4861D216C4C00C46645 /* Resources */ = {
			isa = PBXResourcesBuildPhase;
			buildActionMask = 2147483647;
			files = (
			);
			runOnlyForDeploymentPostprocessing = 0;
		};
/* End PBXResourcesBuildPhase section */

/* Begin PBXSourcesBuildPhase section */
		271DD4701D216C4C00C46645 /* Sources */ = {
			isa = PBXSourcesBuildPhase;
			buildActionMask = 2147483647;
			files = (
				271DD47A1D216C4C00C46645 /* ViewController.swift in Sources */,
				271DD4981D216C7300C46645 /* SVNotification.swift in Sources */,
				271DD4781D216C4C00C46645 /* AppDelegate.swift in Sources */,
			);
			runOnlyForDeploymentPostprocessing = 0;
		};
		271DD4841D216C4C00C46645 /* Sources */ = {
			isa = PBXSourcesBuildPhase;
			buildActionMask = 2147483647;
			files = (
				271DD48D1D216C4C00C46645 /* SVNotificationTests.swift in Sources */,
				271DD4991D216C7300C46645 /* SVNotification.swift in Sources */,
			);
			runOnlyForDeploymentPostprocessing = 0;
		};
/* End PBXSourcesBuildPhase section */

/* Begin PBXTargetDependency section */
		271DD48A1D216C4C00C46645 /* PBXTargetDependency */ = {
			isa = PBXTargetDependency;
			target = 271DD4731D216C4C00C46645 /* SVNotification */;
			targetProxy = 271DD4891D216C4C00C46645 /* PBXContainerItemProxy */;
		};
/* End PBXTargetDependency section */

/* Begin PBXVariantGroup section */
		271DD47B1D216C4C00C46645 /* Main.storyboard */ = {
			isa = PBXVariantGroup;
			children = (
				271DD47C1D216C4C00C46645 /* Base */,
			);
			name = Main.storyboard;
			sourceTree = "<group>";
		};
		271DD4801D216C4C00C46645 /* LaunchScreen.storyboard */ = {
			isa = PBXVariantGroup;
			children = (
				271DD4811D216C4C00C46645 /* Base */,
			);
			name = LaunchScreen.storyboard;
			sourceTree = "<group>";
		};
/* End PBXVariantGroup section */

/* Begin XCBuildConfiguration section */
		271DD48F1D216C4C00C46645 /* Debug */ = {
			isa = XCBuildConfiguration;
			buildSettings = {
				ALWAYS_SEARCH_USER_PATHS = NO;
				CLANG_ANALYZER_NONNULL = YES;
				CLANG_CXX_LANGUAGE_STANDARD = "gnu++0x";
				CLANG_CXX_LIBRARY = "libc++";
				CLANG_ENABLE_MODULES = YES;
				CLANG_ENABLE_OBJC_ARC = YES;
				CLANG_WARN_BOOL_CONVERSION = YES;
				CLANG_WARN_CONSTANT_CONVERSION = YES;
				CLANG_WARN_DIRECT_OBJC_ISA_USAGE = YES_ERROR;
				CLANG_WARN_EMPTY_BODY = YES;
				CLANG_WARN_ENUM_CONVERSION = YES;
				CLANG_WARN_INT_CONVERSION = YES;
				CLANG_WARN_OBJC_ROOT_CLASS = YES_ERROR;
				CLANG_WARN_UNREACHABLE_CODE = YES;
				CLANG_WARN__DUPLICATE_METHOD_MATCH = YES;
				"CODE_SIGN_IDENTITY[sdk=iphoneos*]" = "iPhone Developer";
				COPY_PHASE_STRIP = NO;
				DEBUG_INFORMATION_FORMAT = dwarf;
				ENABLE_STRICT_OBJC_MSGSEND = YES;
				ENABLE_TESTABILITY = YES;
				GCC_C_LANGUAGE_STANDARD = gnu99;
				GCC_DYNAMIC_NO_PIC = NO;
				GCC_NO_COMMON_BLOCKS = YES;
				GCC_OPTIMIZATION_LEVEL = 0;
				GCC_PREPROCESSOR_DEFINITIONS = (
					"DEBUG=1",
					"$(inherited)",
				);
				GCC_WARN_64_TO_32_BIT_CONVERSION = YES;
				GCC_WARN_ABOUT_RETURN_TYPE = YES_ERROR;
				GCC_WARN_UNDECLARED_SELECTOR = YES;
				GCC_WARN_UNINITIALIZED_AUTOS = YES_AGGRESSIVE;
				GCC_WARN_UNUSED_FUNCTION = YES;
				GCC_WARN_UNUSED_VARIABLE = YES;
				IPHONEOS_DEPLOYMENT_TARGET = 8.0;
				MTL_ENABLE_DEBUG_INFO = YES;
				ONLY_ACTIVE_ARCH = YES;
				SDKROOT = iphoneos;
				SWIFT_OPTIMIZATION_LEVEL = "-Onone";
			};
			name = Debug;
		};
		271DD4901D216C4C00C46645 /* Release */ = {
			isa = XCBuildConfiguration;
			buildSettings = {
				ALWAYS_SEARCH_USER_PATHS = NO;
				CLANG_ANALYZER_NONNULL = YES;
				CLANG_CXX_LANGUAGE_STANDARD = "gnu++0x";
				CLANG_CXX_LIBRARY = "libc++";
				CLANG_ENABLE_MODULES = YES;
				CLANG_ENABLE_OBJC_ARC = YES;
				CLANG_WARN_BOOL_CONVERSION = YES;
				CLANG_WARN_CONSTANT_CONVERSION = YES;
				CLANG_WARN_DIRECT_OBJC_ISA_USAGE = YES_ERROR;
				CLANG_WARN_EMPTY_BODY = YES;
				CLANG_WARN_ENUM_CONVERSION = YES;
				CLANG_WARN_INT_CONVERSION = YES;
				CLANG_WARN_OBJC_ROOT_CLASS = YES_ERROR;
				CLANG_WARN_UNREACHABLE_CODE = YES;
				CLANG_WARN__DUPLICATE_METHOD_MATCH = YES;
				"CODE_SIGN_IDENTITY[sdk=iphoneos*]" = "iPhone Developer";
				COPY_PHASE_STRIP = NO;
				DEBUG_INFORMATION_FORMAT = "dwarf-with-dsym";
				ENABLE_NS_ASSERTIONS = NO;
				ENABLE_STRICT_OBJC_MSGSEND = YES;
				GCC_C_LANGUAGE_STANDARD = gnu99;
				GCC_NO_COMMON_BLOCKS = YES;
				GCC_WARN_64_TO_32_BIT_CONVERSION = YES;
				GCC_WARN_ABOUT_RETURN_TYPE = YES_ERROR;
				GCC_WARN_UNDECLARED_SELECTOR = YES;
				GCC_WARN_UNINITIALIZED_AUTOS = YES_AGGRESSIVE;
				GCC_WARN_UNUSED_FUNCTION = YES;
				GCC_WARN_UNUSED_VARIABLE = YES;
				IPHONEOS_DEPLOYMENT_TARGET = 8.0;
				MTL_ENABLE_DEBUG_INFO = NO;
				SDKROOT = iphoneos;
				VALIDATE_PRODUCT = YES;
			};
			name = Release;
		};
		271DD4921D216C4C00C46645 /* Debug */ = {
			isa = XCBuildConfiguration;
			buildSettings = {
				ASSETCATALOG_COMPILER_APPICON_NAME = AppIcon;
				INFOPLIST_FILE = SVNotification/Info.plist;
				IPHONEOS_DEPLOYMENT_TARGET = 8.0;
				LD_RUNPATH_SEARCH_PATHS = "$(inherited) @executable_path/Frameworks";
				PRODUCT_BUNDLE_IDENTIFIER = com.test.test.SVNotification;
				PRODUCT_NAME = "$(TARGET_NAME)";
			};
			name = Debug;
		};
		271DD4931D216C4C00C46645 /* Release */ = {
			isa = XCBuildConfiguration;
			buildSettings = {
				ASSETCATALOG_COMPILER_APPICON_NAME = AppIcon;
				INFOPLIST_FILE = SVNotification/Info.plist;
				IPHONEOS_DEPLOYMENT_TARGET = 8.0;
				LD_RUNPATH_SEARCH_PATHS = "$(inherited) @executable_path/Frameworks";
				PRODUCT_BUNDLE_IDENTIFIER = com.test.test.SVNotification;
				PRODUCT_NAME = "$(TARGET_NAME)";
			};
			name = Release;
		};
		271DD4951D216C4C00C46645 /* Debug */ = {
			isa = XCBuildConfiguration;
			buildSettings = {
				BUNDLE_LOADER = "$(TEST_HOST)";
				INFOPLIST_FILE = SVNotificationTests/Info.plist;
				LD_RUNPATH_SEARCH_PATHS = "$(inherited) @executable_path/Frameworks @loader_path/Frameworks";
				PRODUCT_BUNDLE_IDENTIFIER = com.test.test.SVNotificationTests;
				PRODUCT_NAME = "$(TARGET_NAME)";
				TEST_HOST = "$(BUILT_PRODUCTS_DIR)/SVNotification.app/SVNotification";
			};
			name = Debug;
		};
		271DD4961D216C4C00C46645 /* Release */ = {
			isa = XCBuildConfiguration;
			buildSettings = {
				BUNDLE_LOADER = "$(TEST_HOST)";
				INFOPLIST_FILE = SVNotificationTests/Info.plist;
				LD_RUNPATH_SEARCH_PATHS = "$(inherited) @executable_path/Frameworks @loader_path/Frameworks";
				PRODUCT_BUNDLE_IDENTIFIER = com.test.test.SVNotificationTests;
				PRODUCT_NAME = "$(TARGET_NAME)";
				TEST_HOST = "$(BUILT_PRODUCTS_DIR)/SVNotification.app/SVNotification";
			};
			name = Release;
		};
/* End XCBuildConfiguration section */

/* Begin XCConfigurationList section */
		271DD46F1D216C4C00C46645 /* Build configuration list for PBXProject "SVNotification" */ = {
			isa = XCConfigurationList;
			buildConfigurations = (
				271DD48F1D216C4C00C46645 /* Debug */,
				271DD4901D216C4C00C46645 /* Release */,
			);
			defaultConfigurationIsVisible = 0;
			defaultConfigurationName = Release;
		};
		271DD4911D216C4C00C46645 /* Build configuration list for PBXNativeTarget "SVNotification" */ = {
			isa = XCConfigurationList;
			buildConfigurations = (
				271DD4921D216C4C00C46645 /* Debug */,
				271DD4931D216C4C00C46645 /* Release */,
			);
			defaultConfigurationIsVisible = 0;
			defaultConfigurationName = Release;
		};
		271DD4941D216C4C00C46645 /* Build configuration list for PBXNativeTarget "SVNotificationTests" */ = {
			isa = XCConfigurationList;
			buildConfigurations = (
				271DD4951D216C4C00C46645 /* Debug */,
				271DD4961D216C4C00C46645 /* Release */,
			);
			defaultConfigurationIsVisible = 0;
			defaultConfigurationName = Release;
		};
/* End XCConfigurationList section */
	};
	rootObject = 271DD46C1D216C4C00C46645 /* Project object */;
}
